
Microsoft Visual Studio Solution File, Format Version 12.00
# Visual Studio Version 17
VisualStudioVersion = 17.0.32014.148
MinimumVisualStudioVersion = 10.0.40219.1
Project("{F184B08F-C81C-45F6-A57F-5ABD9991F28F}") = "MultiplicationTable", "Multiplication Table\MultiplicationTable.vbproj", "{EF45C1F7-DA54-44C0-BFDB-A8ACA157B719}"
EndProject
Global
	GlobalSection(SolutionConfigurationPlatforms) = preSolution
		Debug|Any CPU = Debug|Any CPU
		Release|Any CPU = Release|Any CPU
	EndGlobalSection
	GlobalSection(ProjectConfigurationPlatforms) = postSolution
		{EF45C1F7-DA54-44C0-BFDB-A8ACA157B719}.Debug|Any CPU.ActiveCfg = Debug|Any CPU
		{EF45C1F7-DA54-44C0-BFDB-A8ACA157B719}.Debug|Any CPU.Build.0 = Debug|Any CPU
		{EF45C1F7-DA54-44C0-BFDB-A8ACA157B719}.Release|Any CPU.ActiveCfg = Release|Any CPU
		{EF45C1F7-DA54-44C0-BFDB-A8ACA157B719}.Release|Any CPU.Build.0 = Release|Any CPU
	EndGlobalSection
	GlobalSection(SolutionProperties) = preSolution
		HideSolutionNode = FALSE
	EndGlobalSection
	GlobalSection(ExtensibilityGlobals) = postSolution
		SolutionGuid = {061A50B9-78A9-4594-BA68-3BC72EA929E0}
	EndGlobalSection
EndGlobal
